// !$*UTF8*$!
{
	archiveVersion = 1;
	classes = {
	};
	objectVersion = 46;
	objects = {

/* Begin PBXBuildFile section */
		563BCFE01E38924100B4B154 /* Meal.swift in Sources */ = {isa = PBXBuildFile; fileRef = 563BCFDF1E38924100B4B154 /* Meal.swift */; };
		563BCFE21E389E0200B4B154 /* MealTableViewCell.swift in Sources */ = {isa = PBXBuildFile; fileRef = 563BCFE11E389E0200B4B154 /* MealTableViewCell.swift */; };
		563BCFE41E38AEE900B4B154 /* MealTableViewController.swift in Sources */ = {isa = PBXBuildFile; fileRef = 563BCFE31E38AEE900B4B154 /* MealTableViewController.swift */; };
		568CE4441E35D53700E93EEE /* AppDelegate.swift in Sources */ = {isa = PBXBuildFile; fileRef = 568CE4431E35D53700E93EEE /* AppDelegate.swift */; };
		568CE4461E35D53700E93EEE /* MealViewController.swift in Sources */ = {isa = PBXBuildFile; fileRef = 568CE4451E35D53700E93EEE /* MealViewController.swift */; };
		568CE4491E35D53700E93EEE /* Main.storyboard in Resources */ = {isa = PBXBuildFile; fileRef = 568CE4471E35D53700E93EEE /* Main.storyboard */; };
		568CE44B1E35D53700E93EEE /* Assets.xcassets in Resources */ = {isa = PBXBuildFile; fileRef = 568CE44A1E35D53700E93EEE /* Assets.xcassets */; };
		568CE44E1E35D53700E93EEE /* LaunchScreen.storyboard in Resources */ = {isa = PBXBuildFile; fileRef = 568CE44C1E35D53700E93EEE /* LaunchScreen.storyboard */; };
		568CE4591E35D53700E93EEE /* FoodTrackerTests.swift in Sources */ = {isa = PBXBuildFile; fileRef = 568CE4581E35D53700E93EEE /* FoodTrackerTests.swift */; };
		568CE4641E3719CF00E93EEE /* RatingControl.swift in Sources */ = {isa = PBXBuildFile; fileRef = 568CE4631E3719CF00E93EEE /* RatingControl.swift */; };
/* End PBXBuildFile section */

/* Begin PBXContainerItemProxy section */
		568CE4551E35D53700E93EEE /* PBXContainerItemProxy */ = {
			isa = PBXContainerItemProxy;
			containerPortal = 568CE4381E35D53600E93EEE /* Project object */;
			proxyType = 1;
			remoteGlobalIDString = 568CE43F1E35D53600E93EEE;
			remoteInfo = FoodTracker;
		};
/* End PBXContainerItemProxy section */

/* Begin PBXFileReference section */
		563BCFDF1E38924100B4B154 /* Meal.swift */ = {isa = PBXFileReference; fileEncoding = 4; lastKnownFileType = sourcecode.swift; path = Meal.swift; sourceTree = "<group>"; };
		563BCFE11E389E0200B4B154 /* MealTableViewCell.swift */ = {isa = PBXFileReference; fileEncoding = 4; lastKnownFileType = sourcecode.swift; path = MealTableViewCell.swift; sourceTree = "<group>"; };
		563BCFE31E38AEE900B4B154 /* MealTableViewController.swift */ = {isa = PBXFileReference; fileEncoding = 4; lastKnownFileType = sourcecode.swift; path = MealTableViewController.swift; sourceTree = "<group>"; };
		568CE4401E35D53600E93EEE /* FoodTracker.app */ = {isa = PBXFileReference; explicitFileType = wrapper.application; includeInIndex = 0; path = FoodTracker.app; sourceTree = BUILT_PRODUCTS_DIR; };
		568CE4431E35D53700E93EEE /* AppDelegate.swift */ = {isa = PBXFileReference; lastKnownFileType = sourcecode.swift; path = AppDelegate.swift; sourceTree = "<group>"; };
		568CE4451E35D53700E93EEE /* MealViewController.swift */ = {isa = PBXFileReference; lastKnownFileType = sourcecode.swift; path = MealViewController.swift; sourceTree = "<group>"; };
		568CE4481E35D53700E93EEE /* Base */ = {isa = PBXFileReference; lastKnownFileType = file.storyboard; name = Base; path = Base.lproj/Main.storyboard; sourceTree = "<group>"; };
		568CE44A1E35D53700E93EEE /* Assets.xcassets */ = {isa = PBXFileReference; lastKnownFileType = folder.assetcatalog; path = Assets.xcassets; sourceTree = "<group>"; };
		568CE44D1E35D53700E93EEE /* Base */ = {isa = PBXFileReference; lastKnownFileType = file.storyboard; name = Base; path = Base.lproj/LaunchScreen.storyboard; sourceTree = "<group>"; };
		568CE44F1E35D53700E93EEE /* Info.plist */ = {isa = PBXFileReference; lastKnownFileType = text.plist.xml; path = Info.plist; sourceTree = "<group>"; };
		568CE4541E35D53700E93EEE /* FoodTrackerTests.xctest */ = {isa = PBXFileReference; explicitFileType = wrapper.cfbundle; includeInIndex = 0; path = FoodTrackerTests.xctest; sourceTree = BUILT_PRODUCTS_DIR; };
		568CE4581E35D53700E93EEE /* FoodTrackerTests.swift */ = {isa = PBXFileReference; lastKnownFileType = sourcecode.swift; path = FoodTrackerTests.swift; sourceTree = "<group>"; };
		568CE45A1E35D53700E93EEE /* Info.plist */ = {isa = PBXFileReference; lastKnownFileType = text.plist.xml; path = Info.plist; sourceTree = "<group>"; };
		568CE4631E3719CF00E93EEE /* RatingControl.swift */ = {isa = PBXFileReference; fileEncoding = 4; lastKnownFileType = sourcecode.swift; path = RatingControl.swift; sourceTree = "<group>"; };
/* End PBXFileReference section */

/* Begin PBXFrameworksBuildPhase section */
		568CE43D1E35D53600E93EEE /* Frameworks */ = {
			isa = PBXFrameworksBuildPhase;
			buildActionMask = 2147483647;
			files = (
			);
			runOnlyForDeploymentPostprocessing = 0;
		};
		568CE4511E35D53700E93EEE /* Frameworks */ = {
			isa = PBXFrameworksBuildPhase;
			buildActionMask = 2147483647;
			files = (
			);
			runOnlyForDeploymentPostprocessing = 0;
		};
/* End PBXFrameworksBuildPhase section */

/* Begin PBXGroup section */
		568CE4371E35D53600E93EEE = {
			isa = PBXGroup;
			children = (
				568CE4421E35D53700E93EEE /* FoodTracker */,
				568CE4571E35D53700E93EEE /* FoodTrackerTests */,
				568CE4411E35D53600E93EEE /* Products */,
			);
			sourceTree = "<group>";
		};
		568CE4411E35D53600E93EEE /* Products */ = {
			isa = PBXGroup;
			children = (
				568CE4401E35D53600E93EEE /* FoodTracker.app */,
				568CE4541E35D53700E93EEE /* FoodTrackerTests.xctest */,
			);
			name = Products;
			sourceTree = "<group>";
		};
		568CE4421E35D53700E93EEE /* FoodTracker */ = {
			isa = PBXGroup;
			children = (
				568CE4431E35D53700E93EEE /* AppDelegate.swift */,
				568CE4451E35D53700E93EEE /* MealViewController.swift */,
				568CE4631E3719CF00E93EEE /* RatingControl.swift */,
				563BCFDF1E38924100B4B154 /* Meal.swift */,
				563BCFE11E389E0200B4B154 /* MealTableViewCell.swift */,
				563BCFE31E38AEE900B4B154 /* MealTableViewController.swift */,
				568CE4471E35D53700E93EEE /* Main.storyboard */,
				568CE44A1E35D53700E93EEE /* Assets.xcassets */,
				568CE44C1E35D53700E93EEE /* LaunchScreen.storyboard */,
				568CE44F1E35D53700E93EEE /* Info.plist */,
			);
			path = FoodTracker;
			sourceTree = "<group>";
		};
		568CE4571E35D53700E93EEE /* FoodTrackerTests */ = {
			isa = PBXGroup;
			children = (
				568CE4581E35D53700E93EEE /* FoodTrackerTests.swift */,
				568CE45A1E35D53700E93EEE /* Info.plist */,
			);
			path = FoodTrackerTests;
			sourceTree = "<group>";
		};
/* End PBXGroup section */

/* Begin PBXNativeTarget section */
		568CE43F1E35D53600E93EEE /* FoodTracker */ = {
			isa = PBXNativeTarget;
			buildConfigurationList = 568CE45D1E35D53700E93EEE /* Build configuration list for PBXNativeTarget "FoodTracker" */;
			buildPhases = (
				568CE43C1E35D53600E93EEE /* Sources */,
				568CE43D1E35D53600E93EEE /* Frameworks */,
				568CE43E1E35D53600E93EEE /* Resources */,
			);
			buildRules = (
			);
			dependencies = (
			);
			name = FoodTracker;
			productName = FoodTracker;
			productReference = 568CE4401E35D53600E93EEE /* FoodTracker.app */;
			productType = "com.apple.product-type.application";
		};
		568CE4531E35D53700E93EEE /* FoodTrackerTests */ = {
			isa = PBXNativeTarget;
			buildConfigurationList = 568CE4601E35D53700E93EEE /* Build configuration list for PBXNativeTarget "FoodTrackerTests" */;
			buildPhases = (
				568CE4501E35D53700E93EEE /* Sources */,
				568CE4511E35D53700E93EEE /* Frameworks */,
				568CE4521E35D53700E93EEE /* Resources */,
			);
			buildRules = (
			);
			dependencies = (
				568CE4561E35D53700E93EEE /* PBXTargetDependency */,
			);
			name = FoodTrackerTests;
			productName = FoodTrackerTests;
			productReference = 568CE4541E35D53700E93EEE /* FoodTrackerTests.xctest */;
			productType = "com.apple.product-type.bundle.unit-test";
		};
/* End PBXNativeTarget section */

/* Begin PBXProject section */
		568CE4381E35D53600E93EEE /* Project object */ = {
			isa = PBXProject;
			attributes = {
				LastSwiftUpdateCheck = 0820;
				LastUpgradeCheck = 0820;
				ORGANIZATIONNAME = VINEETKS;
				TargetAttributes = {
					568CE43F1E35D53600E93EEE = {
						CreatedOnToolsVersion = 8.2.1;
						ProvisioningStyle = Automatic;
					};
					568CE4531E35D53700E93EEE = {
						CreatedOnToolsVersion = 8.2.1;
						ProvisioningStyle = Automatic;
						TestTargetID = 568CE43F1E35D53600E93EEE;
					};
				};
			};
			buildConfigurationList = 568CE43B1E35D53600E93EEE /* Build configuration list for PBXProject "FoodTracker" */;
			compatibilityVersion = "Xcode 3.2";
			developmentRegion = English;
			hasScannedForEncodings = 0;
			knownRegions = (
				en,
				Base,
			);
			mainGroup = 568CE4371E35D53600E93EEE;
			productRefGroup = 568CE4411E35D53600E93EEE /* Products */;
			projectDirPath = "";
			projectRoot = "";
			targets = (
				568CE43F1E35D53600E93EEE /* FoodTracker */,
				568CE4531E35D53700E93EEE /* FoodTrackerTests */,
			);
		};
/* End PBXProject section */

/* Begin PBXResourcesBuildPhase section */
		568CE43E1E35D53600E93EEE /* Resources */ = {
			isa = PBXResourcesBuildPhase;
			buildActionMask = 2147483647;
			files = (
				568CE44E1E35D53700E93EEE /* LaunchScreen.storyboard in Resources */,
				568CE44B1E35D53700E93EEE /* Assets.xcassets in Resources */,
				568CE4491E35D53700E93EEE /* Main.storyboard in Resources */,
			);
			runOnlyForDeploymentPostprocessing = 0;
		};
		568CE4521E35D53700E93EEE /* Resources */ = {
			isa = PBXResourcesBuildPhase;
			buildActionMask = 2147483647;
			files = (
			);
			runOnlyForDeploymentPostprocessing = 0;
		};
/* End PBXResourcesBuildPhase section */

/* Begin PBXSourcesBuildPhase section */
		568CE43C1E35D53600E93EEE /* Sources */ = {
			isa = PBXSourcesBuildPhase;
			buildActionMask = 2147483647;
			files = (
				563BCFE01E38924100B4B154 /* Meal.swift in Sources */,
				568CE4461E35D53700E93EEE /* MealViewController.swift in Sources */,
				568CE4641E3719CF00E93EEE /* RatingControl.swift in Sources */,
				568CE4441E35D53700E93EEE /* AppDelegate.swift in Sources */,
				563BCFE41E38AEE900B4B154 /* MealTableViewController.swift in Sources */,
				563BCFE21E389E0200B4B154 /* MealTableViewCell.swift in Sources */,
			);
			runOnlyForDeploymentPostprocessing = 0;
		};
		568CE4501E35D53700E93EEE /* Sources */ = {
			isa = PBXSourcesBuildPhase;
			buildActionMask = 2147483647;
			files = (
				568CE4591E35D53700E93EEE /* FoodTrackerTests.swift in Sources */,
			);
			runOnlyForDeploymentPostprocessing = 0;
		};
/* End PBXSourcesBuildPhase section */

/* Begin PBXTargetDependency section */
		568CE4561E35D53700E93EEE /* PBXTargetDependency */ = {
			isa = PBXTargetDependency;
			target = 568CE43F1E35D53600E93EEE /* FoodTracker */;
			targetProxy = 568CE4551E35D53700E93EEE /* PBXContainerItemProxy */;
		};
/* End PBXTargetDependency section */

/* Begin PBXVariantGroup section */
		568CE4471E35D53700E93EEE /* Main.storyboard */ = {
			isa = PBXVariantGroup;
			children = (
				568CE4481E35D53700E93EEE /* Base */,
			);
			name = Main.storyboard;
			sourceTree = "<group>";
		};
		568CE44C1E35D53700E93EEE /* LaunchScreen.storyboard */ = {
			isa = PBXVariantGroup;
			children = (
				568CE44D1E35D53700E93EEE /* Base */,
			);
			name = LaunchScreen.storyboard;
			sourceTree = "<group>";
		};
/* End PBXVariantGroup section */

/* Begin XCBuildConfiguration section */
		568CE45B1E35D53700E93EEE /* Debug */ = {
			isa = XCBuildConfiguration;
			buildSettings = {
				ALWAYS_SEARCH_USER_PATHS = NO;
				CLANG_ANALYZER_NONNULL = YES;
				CLANG_CXX_LANGUAGE_STANDARD = "gnu++0x";
				CLANG_CXX_LIBRARY = "libc++";
				CLANG_ENABLE_MODULES = YES;
				CLANG_ENABLE_OBJC_ARC = YES;
				CLANG_WARN_BOOL_CONVERSION = YES;
				CLANG_WARN_CONSTANT_CONVERSION = YES;
				CLANG_WARN_DIRECT_OBJC_ISA_USAGE = YES_ERROR;
				CLANG_WARN_DOCUMENTATION_COMMENTS = YES;
				CLANG_WARN_EMPTY_BODY = YES;
				CLANG_WARN_ENUM_CONVERSION = YES;
				CLANG_WARN_INFINITE_RECURSION = YES;
				CLANG_WARN_INT_CONVERSION = YES;
				CLANG_WARN_OBJC_ROOT_CLASS = YES_ERROR;
				CLANG_WARN_SUSPICIOUS_MOVE = YES;
				CLANG_WARN_UNREACHABLE_CODE = YES;
				CLANG_WARN__DUPLICATE_METHOD_MATCH = YES;
				"CODE_SIGN_IDENTITY[sdk=iphoneos*]" = "iPhone Developer";
				COPY_PHASE_STRIP = NO;
				DEBUG_INFORMATION_FORMAT = dwarf;
				ENABLE_STRICT_OBJC_MSGSEND = YES;
				ENABLE_TESTABILITY = YES;
				GCC_C_LANGUAGE_STANDARD = gnu99;
				GCC_DYNAMIC_NO_PIC = NO;
				GCC_NO_COMMON_BLOCKS = YES;
				GCC_OPTIMIZATION_LEVEL = 0;
				GCC_PREPROCESSOR_DEFINITIONS = (
					"DEBUG=1",
					"$(inherited)",
				);
				GCC_WARN_64_TO_32_BIT_CONVERSION = YES;
				GCC_WARN_ABOUT_RETURN_TYPE = YES_ERROR;
				GCC_WARN_UNDECLARED_SELECTOR = YES;
				GCC_WARN_UNINITIALIZED_AUTOS = YES_AGGRESSIVE;
				GCC_WARN_UNUSED_FUNCTION = YES;
				GCC_WARN_UNUSED_VARIABLE = YES;
				IPHONEOS_DEPLOYMENT_TARGET = 10.2;
				MTL_ENABLE_DEBUG_INFO = YES;
				ONLY_ACTIVE_ARCH = YES;
				SDKROOT = iphoneos;
				SWIFT_ACTIVE_COMPILATION_CONDITIONS = DEBUG;
				SWIFT_OPTIMIZATION_LEVEL = "-Onone";
				TARGETED_DEVICE_FAMILY = "1,2";
			};
			name = Debug;
		};
		568CE45C1E35D53700E93EEE /* Release */ = {
			isa = XCBuildConfiguration;
			buildSettings = {
				ALWAYS_SEARCH_USER_PATHS = NO;
				CLANG_ANALYZER_NONNULL = YES;
				CLANG_CXX_LANGUAGE_STANDARD = "gnu++0x";
				CLANG_CXX_LIBRARY = "libc++";
				CLANG_ENABLE_MODULES = YES;
				CLANG_ENABLE_OBJC_ARC = YES;
				CLANG_WARN_BOOL_CONVERSION = YES;
				CLANG_WARN_CONSTANT_CONVERSION = YES;
				CLANG_WARN_DIRECT_OBJC_ISA_USAGE = YES_ERROR;
				CLANG_WARN_DOCUMENTATION_COMMENTS = YES;
				CLANG_WARN_EMPTY_BODY = YES;
				CLANG_WARN_ENUM_CONVERSION = YES;
				CLANG_WARN_INFINITE_RECURSION = YES;
				CLANG_WARN_INT_CONVERSION = YES;
				CLANG_WARN_OBJC_ROOT_CLASS = YES_ERROR;
				CLANG_WARN_SUSPICIOUS_MOVE = YES;
				CLANG_WARN_UNREACHABLE_CODE = YES;
				CLANG_WARN__DUPLICATE_METHOD_MATCH = YES;
				"CODE_SIGN_IDENTITY[sdk=iphoneos*]" = "iPhone Developer";
				COPY_PHASE_STRIP = NO;
				DEBUG_INFORMATION_FORMAT = "dwarf-with-dsym";
				ENABLE_NS_ASSERTIONS = NO;
				ENABLE_STRICT_OBJC_MSGSEND = YES;
				GCC_C_LANGUAGE_STANDARD = gnu99;
				GCC_NO_COMMON_BLOCKS = YES;
				GCC_WARN_64_TO_32_BIT_CONVERSION = YES;
				GCC_WARN_ABOUT_RETURN_TYPE = YES_ERROR;
				GCC_WARN_UNDECLARED_SELECTOR = YES;
				GCC_WARN_UNINITIALIZED_AUTOS = YES_AGGRESSIVE;
				GCC_WARN_UNUSED_FUNCTION = YES;
				GCC_WARN_UNUSED_VARIABLE = YES;
				IPHONEOS_DEPLOYMENT_TARGET = 10.2;
				MTL_ENABLE_DEBUG_INFO = NO;
				SDKROOT = iphoneos;
				SWIFT_OPTIMIZATION_LEVEL = "-Owholemodule";
				TARGETED_DEVICE_FAMILY = "1,2";
				VALIDATE_PRODUCT = YES;
			};
			name = Release;
		};
		568CE45E1E35D53700E93EEE /* Debug */ = {
			isa = XCBuildConfiguration;
			buildSettings = {
				ASSETCATALOG_COMPILER_APPICON_NAME = AppIcon;
				INFOPLIST_FILE = FoodTracker/Info.plist;
				LD_RUNPATH_SEARCH_PATHS = "$(inherited) @executable_path/Frameworks";
				PRODUCT_BUNDLE_IDENTIFIER = in.vineetks.FoodTracker;
				PRODUCT_NAME = "$(TARGET_NAME)";
				SWIFT_VERSION = 3.0;
			};
			name = Debug;
		};
		568CE45F1E35D53700E93EEE /* Release */ = {
			isa = XCBuildConfiguration;
			buildSettings = {
				ASSETCATALOG_COMPILER_APPICON_NAME = AppIcon;
				INFOPLIST_FILE = FoodTracker/Info.plist;
				LD_RUNPATH_SEARCH_PATHS = "$(inherited) @executable_path/Frameworks";
				PRODUCT_BUNDLE_IDENTIFIER = in.vineetks.FoodTracker;
				PRODUCT_NAME = "$(TARGET_NAME)";
				SWIFT_VERSION = 3.0;
			};
			name = Release;
		};
		568CE4611E35D53700E93EEE /* Debug */ = {
			isa = XCBuildConfiguration;
			buildSettings = {
				ALWAYS_EMBED_SWIFT_STANDARD_LIBRARIES = YES;
				BUNDLE_LOADER = "$(TEST_HOST)";
				INFOPLIST_FILE = FoodTrackerTests/Info.plist;
				LD_RUNPATH_SEARCH_PATHS = "$(inherited) @executable_path/Frameworks @loader_path/Frameworks";
				PRODUCT_BUNDLE_IDENTIFIER = in.vineetks.FoodTrackerTests;
				PRODUCT_NAME = "$(TARGET_NAME)";
				SWIFT_VERSION = 3.0;
				TEST_HOST = "$(BUILT_PRODUCTS_DIR)/FoodTracker.app/FoodTracker";
			};
			name = Debug;
		};
		568CE4621E35D53700E93EEE /* Release */ = {
			isa = XCBuildConfiguration;
			buildSettings = {
				ALWAYS_EMBED_SWIFT_STANDARD_LIBRARIES = YES;
				BUNDLE_LOADER = "$(TEST_HOST)";
				INFOPLIST_FILE = FoodTrackerTests/Info.plist;
				LD_RUNPATH_SEARCH_PATHS = "$(inherited) @executable_path/Frameworks @loader_path/Frameworks";
				PRODUCT_BUNDLE_IDENTIFIER = in.vineetks.FoodTrackerTests;
				PRODUCT_NAME = "$(TARGET_NAME)";
				SWIFT_VERSION = 3.0;
				TEST_HOST = "$(BUILT_PRODUCTS_DIR)/FoodTracker.app/FoodTracker";
			};
			name = Release;
		};
/* End XCBuildConfiguration section */

/* Begin XCConfigurationList section */
		568CE43B1E35D53600E93EEE /* Build configuration list for PBXProject "FoodTracker" */ = {
			isa = XCConfigurationList;
			buildConfigurations = (
				568CE45B1E35D53700E93EEE /* Debug */,
				568CE45C1E35D53700E93EEE /* Release */,
			);
			defaultConfigurationIsVisible = 0;
			defaultConfigurationName = Release;
		};
		568CE45D1E35D53700E93EEE /* Build configuration list for PBXNativeTarget "FoodTracker" */ = {
			isa = XCConfigurationList;
			buildConfigurations = (
				568CE45E1E35D53700E93EEE /* Debug */,
				568CE45F1E35D53700E93EEE /* Release */,
			);
			defaultConfigurationIsVisible = 0;
			defaultConfigurationName = Release;
		};
		568CE4601E35D53700E93EEE /* Build configuration list for PBXNativeTarget "FoodTrackerTests" */ = {
			isa = XCConfigurationList;
			buildConfigurations = (
				568CE4611E35D53700E93EEE /* Debug */,
				568CE4621E35D53700E93EEE /* Release */,
			);
			defaultConfigurationIsVisible = 0;
			defaultConfigurationName = Release;
		};
/* End XCConfigurationList section */
	};
	rootObject = 568CE4381E35D53600E93EEE /* Project object */;
}
